
Microsoft Visual Studio Solution File, Format Version 12.00
# Visual Studio Version 16
VisualStudioVersion = 16.0.30621.155
MinimumVisualStudioVersion = 10.0.40219.1
Project("{FAE04EC0-301F-11D3-BF4B-00C04F79EFBC}") = "LoLkiller", "LoLkiller\LoLkiller.csproj", "{7AFC2AC4-791D-4F30-A7DF-043D05657DC9}"
EndProject
Global
	GlobalSection(SolutionConfigurationPlatforms) = preSolution
		Debug|Any CPU = Debug|Any CPU
		Release|Any CPU = Release|Any CPU
	EndGlobalSection
	GlobalSection(ProjectConfigurationPlatforms) = postSolution
		{7AFC2AC4-791D-4F30-A7DF-043D05657DC9}.Debug|Any CPU.ActiveCfg = Debug|Any CPU
		{7AFC2AC4-791D-4F30-A7DF-043D05657DC9}.Debug|Any CPU.Build.0 = Debug|Any CPU
		{7AFC2AC4-791D-4F30-A7DF-043D05657DC9}.Release|Any CPU.ActiveCfg = Release|Any CPU
		{7AFC2AC4-791D-4F30-A7DF-043D05657DC9}.Release|Any CPU.Build.0 = Release|Any CPU
	EndGlobalSection
	GlobalSection(SolutionProperties) = preSolution
		HideSolutionNode = FALSE
	EndGlobalSection
	GlobalSection(ExtensibilityGlobals) = postSolution
		SolutionGuid = {D9C83FEE-ACD2-41B8-B6D1-4EE27B6C69FE}
	EndGlobalSection
EndGlobal
