
Microsoft Visual Studio Solution File, Format Version 12.00
# Visual Studio Version 16
VisualStudioVersion = 16.0.30621.155
MinimumVisualStudioVersion = 10.0.40219.1
Project("{FAE04EC0-301F-11D3-BF4B-00C04F79EFBC}") = "LoLkiller", "LoLkiller\LoLkiller.csproj", "{7AFC2AC4-791D-4F30-A7DF-043D05657DC9}"
EndProject
Project("{54435603-DBB4-11D2-8724-00A0C9A8B90C}") = "LoLkillerSetup", "LoLkillerSetup\LoLkillerSetup.vdproj", "{01816748-6DA5-4DA0-B865-530D06006055}"
EndProject
Global
	GlobalSection(SolutionConfigurationPlatforms) = preSolution
		Debug|Any CPU = Debug|Any CPU
		Debug|x64 = Debug|x64
		Release|Any CPU = Release|Any CPU
		Release|x64 = Release|x64
	EndGlobalSection
	GlobalSection(ProjectConfigurationPlatforms) = postSolution
		{7AFC2AC4-791D-4F30-A7DF-043D05657DC9}.Debug|Any CPU.ActiveCfg = Debug|Any CPU
		{7AFC2AC4-791D-4F30-A7DF-043D05657DC9}.Debug|Any CPU.Build.0 = Debug|Any CPU
		{7AFC2AC4-791D-4F30-A7DF-043D05657DC9}.Debug|x64.ActiveCfg = Debug|Any CPU
		{7AFC2AC4-791D-4F30-A7DF-043D05657DC9}.Debug|x64.Build.0 = Debug|Any CPU
		{7AFC2AC4-791D-4F30-A7DF-043D05657DC9}.Release|Any CPU.ActiveCfg = Release|Any CPU
		{7AFC2AC4-791D-4F30-A7DF-043D05657DC9}.Release|Any CPU.Build.0 = Release|Any CPU
		{7AFC2AC4-791D-4F30-A7DF-043D05657DC9}.Release|x64.ActiveCfg = Release|Any CPU
		{7AFC2AC4-791D-4F30-A7DF-043D05657DC9}.Release|x64.Build.0 = Release|Any CPU
		{01816748-6DA5-4DA0-B865-530D06006055}.Debug|Any CPU.ActiveCfg = Debug
		{01816748-6DA5-4DA0-B865-530D06006055}.Debug|Any CPU.Build.0 = Debug
		{01816748-6DA5-4DA0-B865-530D06006055}.Debug|x64.ActiveCfg = Debug
		{01816748-6DA5-4DA0-B865-530D06006055}.Debug|x64.Build.0 = Debug
		{01816748-6DA5-4DA0-B865-530D06006055}.Release|Any CPU.ActiveCfg = Release
		{01816748-6DA5-4DA0-B865-530D06006055}.Release|Any CPU.Build.0 = Release
		{01816748-6DA5-4DA0-B865-530D06006055}.Release|x64.ActiveCfg = Release
		{01816748-6DA5-4DA0-B865-530D06006055}.Release|x64.Build.0 = Release
	EndGlobalSection
	GlobalSection(SolutionProperties) = preSolution
		HideSolutionNode = FALSE
	EndGlobalSection
	GlobalSection(ExtensibilityGlobals) = postSolution
		SolutionGuid = {D9C83FEE-ACD2-41B8-B6D1-4EE27B6C69FE}
	EndGlobalSection
EndGlobal
